// !$*UTF8*$!
{
	archiveVersion = 1;
	classes = {
	};
	objectVersion = 56;
	objects = {

/* Begin PBXBuildFile section */
		A708A63D2B0276B500F4BCAF /* AppDelegate.swift in Sources */ = {isa = PBXBuildFile; fileRef = A708A63C2B0276B500F4BCAF /* AppDelegate.swift */; };
		A708A6422B0276B500F4BCAF /* Game_Engine.xcdatamodeld in Sources */ = {isa = PBXBuildFile; fileRef = A708A6402B0276B500F4BCAF /* Game_Engine.xcdatamodeld */; };
		A708A6442B0276B700F4BCAF /* Assets.xcassets in Resources */ = {isa = PBXBuildFile; fileRef = A708A6432B0276B700F4BCAF /* Assets.xcassets */; };
		A708A6472B0276B700F4BCAF /* Main.storyboard in Resources */ = {isa = PBXBuildFile; fileRef = A708A6452B0276B700F4BCAF /* Main.storyboard */; };
		A708A6522B0276B700F4BCAF /* Game_EngineTests.swift in Sources */ = {isa = PBXBuildFile; fileRef = A708A6512B0276B700F4BCAF /* Game_EngineTests.swift */; };
		A708A65C2B0276B700F4BCAF /* Game_EngineUITests.swift in Sources */ = {isa = PBXBuildFile; fileRef = A708A65B2B0276B700F4BCAF /* Game_EngineUITests.swift */; };
		A708A65E2B0276B700F4BCAF /* Game_EngineUITestsLaunchTests.swift in Sources */ = {isa = PBXBuildFile; fileRef = A708A65D2B0276B700F4BCAF /* Game_EngineUITestsLaunchTests.swift */; };
		A708A66C2B027D3400F4BCAF /* GameView.swift in Sources */ = {isa = PBXBuildFile; fileRef = A708A66B2B027D3400F4BCAF /* GameView.swift */; };
		A708A66E2B02976000F4BCAF /* MyShaders.metal in Sources */ = {isa = PBXBuildFile; fileRef = A708A66D2B02976000F4BCAF /* MyShaders.metal */; };
/* End PBXBuildFile section */

/* Begin PBXContainerItemProxy section */
		A708A64E2B0276B700F4BCAF /* PBXContainerItemProxy */ = {
			isa = PBXContainerItemProxy;
			containerPortal = A708A6312B0276B500F4BCAF /* Project object */;
			proxyType = 1;
			remoteGlobalIDString = A708A6382B0276B500F4BCAF;
			remoteInfo = "Game Engine";
		};
		A708A6582B0276B700F4BCAF /* PBXContainerItemProxy */ = {
			isa = PBXContainerItemProxy;
			containerPortal = A708A6312B0276B500F4BCAF /* Project object */;
			proxyType = 1;
			remoteGlobalIDString = A708A6382B0276B500F4BCAF;
			remoteInfo = "Game Engine";
		};
/* End PBXContainerItemProxy section */

/* Begin PBXFileReference section */
		A708A6392B0276B500F4BCAF /* Game Engine.app */ = {isa = PBXFileReference; explicitFileType = wrapper.application; includeInIndex = 0; path = "Game Engine.app"; sourceTree = BUILT_PRODUCTS_DIR; };
		A708A63C2B0276B500F4BCAF /* AppDelegate.swift */ = {isa = PBXFileReference; lastKnownFileType = sourcecode.swift; path = AppDelegate.swift; sourceTree = "<group>"; };
		A708A6412B0276B500F4BCAF /* Game_Engine.xcdatamodel */ = {isa = PBXFileReference; lastKnownFileType = wrapper.xcdatamodel; path = Game_Engine.xcdatamodel; sourceTree = "<group>"; };
		A708A6432B0276B700F4BCAF /* Assets.xcassets */ = {isa = PBXFileReference; lastKnownFileType = folder.assetcatalog; path = Assets.xcassets; sourceTree = "<group>"; };
		A708A6462B0276B700F4BCAF /* Base */ = {isa = PBXFileReference; lastKnownFileType = file.storyboard; name = Base; path = Base.lproj/Main.storyboard; sourceTree = "<group>"; };
		A708A6482B0276B700F4BCAF /* Game_Engine.entitlements */ = {isa = PBXFileReference; lastKnownFileType = text.plist.entitlements; path = Game_Engine.entitlements; sourceTree = "<group>"; };
		A708A64D2B0276B700F4BCAF /* Game EngineTests.xctest */ = {isa = PBXFileReference; explicitFileType = wrapper.cfbundle; includeInIndex = 0; path = "Game EngineTests.xctest"; sourceTree = BUILT_PRODUCTS_DIR; };
		A708A6512B0276B700F4BCAF /* Game_EngineTests.swift */ = {isa = PBXFileReference; lastKnownFileType = sourcecode.swift; path = Game_EngineTests.swift; sourceTree = "<group>"; };
		A708A6572B0276B700F4BCAF /* Game EngineUITests.xctest */ = {isa = PBXFileReference; explicitFileType = wrapper.cfbundle; includeInIndex = 0; path = "Game EngineUITests.xctest"; sourceTree = BUILT_PRODUCTS_DIR; };
		A708A65B2B0276B700F4BCAF /* Game_EngineUITests.swift */ = {isa = PBXFileReference; lastKnownFileType = sourcecode.swift; path = Game_EngineUITests.swift; sourceTree = "<group>"; };
		A708A65D2B0276B700F4BCAF /* Game_EngineUITestsLaunchTests.swift */ = {isa = PBXFileReference; lastKnownFileType = sourcecode.swift; path = Game_EngineUITestsLaunchTests.swift; sourceTree = "<group>"; };
		A708A66B2B027D3400F4BCAF /* GameView.swift */ = {isa = PBXFileReference; lastKnownFileType = sourcecode.swift; path = GameView.swift; sourceTree = "<group>"; };
		A708A66D2B02976000F4BCAF /* MyShaders.metal */ = {isa = PBXFileReference; lastKnownFileType = sourcecode.metal; path = MyShaders.metal; sourceTree = "<group>"; };
/* End PBXFileReference section */

/* Begin PBXFrameworksBuildPhase section */
		A708A6362B0276B500F4BCAF /* Frameworks */ = {
			isa = PBXFrameworksBuildPhase;
			buildActionMask = 2147483647;
			files = (
			);
			runOnlyForDeploymentPostprocessing = 0;
		};
		A708A64A2B0276B700F4BCAF /* Frameworks */ = {
			isa = PBXFrameworksBuildPhase;
			buildActionMask = 2147483647;
			files = (
			);
			runOnlyForDeploymentPostprocessing = 0;
		};
		A708A6542B0276B700F4BCAF /* Frameworks */ = {
			isa = PBXFrameworksBuildPhase;
			buildActionMask = 2147483647;
			files = (
			);
			runOnlyForDeploymentPostprocessing = 0;
		};
/* End PBXFrameworksBuildPhase section */

/* Begin PBXGroup section */
		A708A6302B0276B500F4BCAF = {
			isa = PBXGroup;
			children = (
				A708A63B2B0276B500F4BCAF /* Game Engine */,
				A708A6502B0276B700F4BCAF /* Game EngineTests */,
				A708A65A2B0276B700F4BCAF /* Game EngineUITests */,
				A708A63A2B0276B500F4BCAF /* Products */,
			);
			sourceTree = "<group>";
		};
		A708A63A2B0276B500F4BCAF /* Products */ = {
			isa = PBXGroup;
			children = (
				A708A6392B0276B500F4BCAF /* Game Engine.app */,
				A708A64D2B0276B700F4BCAF /* Game EngineTests.xctest */,
				A708A6572B0276B700F4BCAF /* Game EngineUITests.xctest */,
			);
			name = Products;
			sourceTree = "<group>";
		};
		A708A63B2B0276B500F4BCAF /* Game Engine */ = {
			isa = PBXGroup;
			children = (
				A708A66B2B027D3400F4BCAF /* GameView.swift */,
				A708A6452B0276B700F4BCAF /* Main.storyboard */,
				A708A66D2B02976000F4BCAF /* MyShaders.metal */,
				A708A66A2B02788D00F4BCAF /* Other files */,
			);
			path = "Game Engine";
			sourceTree = "<group>";
		};
		A708A6502B0276B700F4BCAF /* Game EngineTests */ = {
			isa = PBXGroup;
			children = (
				A708A6512B0276B700F4BCAF /* Game_EngineTests.swift */,
			);
			path = "Game EngineTests";
			sourceTree = "<group>";
		};
		A708A65A2B0276B700F4BCAF /* Game EngineUITests */ = {
			isa = PBXGroup;
			children = (
				A708A65B2B0276B700F4BCAF /* Game_EngineUITests.swift */,
				A708A65D2B0276B700F4BCAF /* Game_EngineUITestsLaunchTests.swift */,
			);
			path = "Game EngineUITests";
			sourceTree = "<group>";
		};
		A708A66A2B02788D00F4BCAF /* Other files */ = {
			isa = PBXGroup;
			children = (
				A708A63C2B0276B500F4BCAF /* AppDelegate.swift */,
				A708A6432B0276B700F4BCAF /* Assets.xcassets */,
				A708A6482B0276B700F4BCAF /* Game_Engine.entitlements */,
				A708A6402B0276B500F4BCAF /* Game_Engine.xcdatamodeld */,
			);
			path = "Other files";
			sourceTree = "<group>";
		};
/* End PBXGroup section */

/* Begin PBXNativeTarget section */
		A708A6382B0276B500F4BCAF /* Game Engine */ = {
			isa = PBXNativeTarget;
			buildConfigurationList = A708A6612B0276B700F4BCAF /* Build configuration list for PBXNativeTarget "Game Engine" */;
			buildPhases = (
				A708A6352B0276B500F4BCAF /* Sources */,
				A708A6362B0276B500F4BCAF /* Frameworks */,
				A708A6372B0276B500F4BCAF /* Resources */,
			);
			buildRules = (
			);
			dependencies = (
			);
			name = "Game Engine";
			productName = "Game Engine";
			productReference = A708A6392B0276B500F4BCAF /* Game Engine.app */;
			productType = "com.apple.product-type.application";
		};
		A708A64C2B0276B700F4BCAF /* Game EngineTests */ = {
			isa = PBXNativeTarget;
			buildConfigurationList = A708A6642B0276B700F4BCAF /* Build configuration list for PBXNativeTarget "Game EngineTests" */;
			buildPhases = (
				A708A6492B0276B700F4BCAF /* Sources */,
				A708A64A2B0276B700F4BCAF /* Frameworks */,
				A708A64B2B0276B700F4BCAF /* Resources */,
			);
			buildRules = (
			);
			dependencies = (
				A708A64F2B0276B700F4BCAF /* PBXTargetDependency */,
			);
			name = "Game EngineTests";
			productName = "Game EngineTests";
			productReference = A708A64D2B0276B700F4BCAF /* Game EngineTests.xctest */;
			productType = "com.apple.product-type.bundle.unit-test";
		};
		A708A6562B0276B700F4BCAF /* Game EngineUITests */ = {
			isa = PBXNativeTarget;
			buildConfigurationList = A708A6672B0276B700F4BCAF /* Build configuration list for PBXNativeTarget "Game EngineUITests" */;
			buildPhases = (
				A708A6532B0276B700F4BCAF /* Sources */,
				A708A6542B0276B700F4BCAF /* Frameworks */,
				A708A6552B0276B700F4BCAF /* Resources */,
			);
			buildRules = (
			);
			dependencies = (
				A708A6592B0276B700F4BCAF /* PBXTargetDependency */,
			);
			name = "Game EngineUITests";
			productName = "Game EngineUITests";
			productReference = A708A6572B0276B700F4BCAF /* Game EngineUITests.xctest */;
			productType = "com.apple.product-type.bundle.ui-testing";
		};
/* End PBXNativeTarget section */

/* Begin PBXProject section */
		A708A6312B0276B500F4BCAF /* Project object */ = {
			isa = PBXProject;
			attributes = {
				BuildIndependentTargetsInParallel = 1;
				LastSwiftUpdateCheck = 1500;
				LastUpgradeCheck = 1500;
				TargetAttributes = {
					A708A6382B0276B500F4BCAF = {
						CreatedOnToolsVersion = 15.0.1;
					};
					A708A64C2B0276B700F4BCAF = {
						CreatedOnToolsVersion = 15.0.1;
						TestTargetID = A708A6382B0276B500F4BCAF;
					};
					A708A6562B0276B700F4BCAF = {
						CreatedOnToolsVersion = 15.0.1;
						TestTargetID = A708A6382B0276B500F4BCAF;
					};
				};
			};
			buildConfigurationList = A708A6342B0276B500F4BCAF /* Build configuration list for PBXProject "Game Engine" */;
			compatibilityVersion = "Xcode 14.0";
			developmentRegion = en;
			hasScannedForEncodings = 0;
			knownRegions = (
				en,
				Base,
			);
			mainGroup = A708A6302B0276B500F4BCAF;
			productRefGroup = A708A63A2B0276B500F4BCAF /* Products */;
			projectDirPath = "";
			projectRoot = "";
			targets = (
				A708A6382B0276B500F4BCAF /* Game Engine */,
				A708A64C2B0276B700F4BCAF /* Game EngineTests */,
				A708A6562B0276B700F4BCAF /* Game EngineUITests */,
			);
		};
/* End PBXProject section */

/* Begin PBXResourcesBuildPhase section */
		A708A6372B0276B500F4BCAF /* Resources */ = {
			isa = PBXResourcesBuildPhase;
			buildActionMask = 2147483647;
			files = (
				A708A6442B0276B700F4BCAF /* Assets.xcassets in Resources */,
				A708A6472B0276B700F4BCAF /* Main.storyboard in Resources */,
			);
			runOnlyForDeploymentPostprocessing = 0;
		};
		A708A64B2B0276B700F4BCAF /* Resources */ = {
			isa = PBXResourcesBuildPhase;
			buildActionMask = 2147483647;
			files = (
			);
			runOnlyForDeploymentPostprocessing = 0;
		};
		A708A6552B0276B700F4BCAF /* Resources */ = {
			isa = PBXResourcesBuildPhase;
			buildActionMask = 2147483647;
			files = (
			);
			runOnlyForDeploymentPostprocessing = 0;
		};
/* End PBXResourcesBuildPhase section */

/* Begin PBXSourcesBuildPhase section */
		A708A6352B0276B500F4BCAF /* Sources */ = {
			isa = PBXSourcesBuildPhase;
			buildActionMask = 2147483647;
			files = (
				A708A66E2B02976000F4BCAF /* MyShaders.metal in Sources */,
				A708A63D2B0276B500F4BCAF /* AppDelegate.swift in Sources */,
				A708A66C2B027D3400F4BCAF /* GameView.swift in Sources */,
				A708A6422B0276B500F4BCAF /* Game_Engine.xcdatamodeld in Sources */,
			);
			runOnlyForDeploymentPostprocessing = 0;
		};
		A708A6492B0276B700F4BCAF /* Sources */ = {
			isa = PBXSourcesBuildPhase;
			buildActionMask = 2147483647;
			files = (
				A708A6522B0276B700F4BCAF /* Game_EngineTests.swift in Sources */,
			);
			runOnlyForDeploymentPostprocessing = 0;
		};
		A708A6532B0276B700F4BCAF /* Sources */ = {
			isa = PBXSourcesBuildPhase;
			buildActionMask = 2147483647;
			files = (
				A708A65E2B0276B700F4BCAF /* Game_EngineUITestsLaunchTests.swift in Sources */,
				A708A65C2B0276B700F4BCAF /* Game_EngineUITests.swift in Sources */,
			);
			runOnlyForDeploymentPostprocessing = 0;
		};
/* End PBXSourcesBuildPhase section */

/* Begin PBXTargetDependency section */
		A708A64F2B0276B700F4BCAF /* PBXTargetDependency */ = {
			isa = PBXTargetDependency;
			target = A708A6382B0276B500F4BCAF /* Game Engine */;
			targetProxy = A708A64E2B0276B700F4BCAF /* PBXContainerItemProxy */;
		};
		A708A6592B0276B700F4BCAF /* PBXTargetDependency */ = {
			isa = PBXTargetDependency;
			target = A708A6382B0276B500F4BCAF /* Game Engine */;
			targetProxy = A708A6582B0276B700F4BCAF /* PBXContainerItemProxy */;
		};
/* End PBXTargetDependency section */

/* Begin PBXVariantGroup section */
		A708A6452B0276B700F4BCAF /* Main.storyboard */ = {
			isa = PBXVariantGroup;
			children = (
				A708A6462B0276B700F4BCAF /* Base */,
			);
			name = Main.storyboard;
			sourceTree = "<group>";
		};
/* End PBXVariantGroup section */

/* Begin XCBuildConfiguration section */
		A708A65F2B0276B700F4BCAF /* Debug */ = {
			isa = XCBuildConfiguration;
			buildSettings = {
				ALWAYS_SEARCH_USER_PATHS = NO;
				ASSETCATALOG_COMPILER_GENERATE_SWIFT_ASSET_SYMBOL_EXTENSIONS = YES;
				CLANG_ANALYZER_NONNULL = YES;
				CLANG_ANALYZER_NUMBER_OBJECT_CONVERSION = YES_AGGRESSIVE;
				CLANG_CXX_LANGUAGE_STANDARD = "gnu++20";
				CLANG_ENABLE_MODULES = YES;
				CLANG_ENABLE_OBJC_ARC = YES;
				CLANG_ENABLE_OBJC_WEAK = YES;
				CLANG_WARN_BLOCK_CAPTURE_AUTORELEASING = YES;
				CLANG_WARN_BOOL_CONVERSION = YES;
				CLANG_WARN_COMMA = YES;
				CLANG_WARN_CONSTANT_CONVERSION = YES;
				CLANG_WARN_DEPRECATED_OBJC_IMPLEMENTATIONS = YES;
				CLANG_WARN_DIRECT_OBJC_ISA_USAGE = YES_ERROR;
				CLANG_WARN_DOCUMENTATION_COMMENTS = YES;
				CLANG_WARN_EMPTY_BODY = YES;
				CLANG_WARN_ENUM_CONVERSION = YES;
				CLANG_WARN_INFINITE_RECURSION = YES;
				CLANG_WARN_INT_CONVERSION = YES;
				CLANG_WARN_NON_LITERAL_NULL_CONVERSION = YES;
				CLANG_WARN_OBJC_IMPLICIT_RETAIN_SELF = YES;
				CLANG_WARN_OBJC_LITERAL_CONVERSION = YES;
				CLANG_WARN_OBJC_ROOT_CLASS = YES_ERROR;
				CLANG_WARN_QUOTED_INCLUDE_IN_FRAMEWORK_HEADER = YES;
				CLANG_WARN_RANGE_LOOP_ANALYSIS = YES;
				CLANG_WARN_STRICT_PROTOTYPES = YES;
				CLANG_WARN_SUSPICIOUS_MOVE = YES;
				CLANG_WARN_UNGUARDED_AVAILABILITY = YES_AGGRESSIVE;
				CLANG_WARN_UNREACHABLE_CODE = YES;
				CLANG_WARN__DUPLICATE_METHOD_MATCH = YES;
				COPY_PHASE_STRIP = NO;
				DEBUG_INFORMATION_FORMAT = dwarf;
				ENABLE_STRICT_OBJC_MSGSEND = YES;
				ENABLE_TESTABILITY = YES;
				ENABLE_USER_SCRIPT_SANDBOXING = YES;
				GCC_C_LANGUAGE_STANDARD = gnu17;
				GCC_DYNAMIC_NO_PIC = NO;
				GCC_NO_COMMON_BLOCKS = YES;
				GCC_OPTIMIZATION_LEVEL = 0;
				GCC_PREPROCESSOR_DEFINITIONS = (
					"DEBUG=1",
					"$(inherited)",
				);
				GCC_WARN_64_TO_32_BIT_CONVERSION = YES;
				GCC_WARN_ABOUT_RETURN_TYPE = YES_ERROR;
				GCC_WARN_UNDECLARED_SELECTOR = YES;
				GCC_WARN_UNINITIALIZED_AUTOS = YES_AGGRESSIVE;
				GCC_WARN_UNUSED_FUNCTION = YES;
				GCC_WARN_UNUSED_VARIABLE = YES;
				LOCALIZATION_PREFERS_STRING_CATALOGS = YES;
				MACOSX_DEPLOYMENT_TARGET = 14.0;
				MTL_ENABLE_DEBUG_INFO = INCLUDE_SOURCE;
				MTL_FAST_MATH = YES;
				ONLY_ACTIVE_ARCH = YES;
				SDKROOT = macosx;
				SWIFT_ACTIVE_COMPILATION_CONDITIONS = "DEBUG $(inherited)";
				SWIFT_OPTIMIZATION_LEVEL = "-Onone";
			};
			name = Debug;
		};
		A708A6602B0276B700F4BCAF /* Release */ = {
			isa = XCBuildConfiguration;
			buildSettings = {
				ALWAYS_SEARCH_USER_PATHS = NO;
				ASSETCATALOG_COMPILER_GENERATE_SWIFT_ASSET_SYMBOL_EXTENSIONS = YES;
				CLANG_ANALYZER_NONNULL = YES;
				CLANG_ANALYZER_NUMBER_OBJECT_CONVERSION = YES_AGGRESSIVE;
				CLANG_CXX_LANGUAGE_STANDARD = "gnu++20";
				CLANG_ENABLE_MODULES = YES;
				CLANG_ENABLE_OBJC_ARC = YES;
				CLANG_ENABLE_OBJC_WEAK = YES;
				CLANG_WARN_BLOCK_CAPTURE_AUTORELEASING = YES;
				CLANG_WARN_BOOL_CONVERSION = YES;
				CLANG_WARN_COMMA = YES;
				CLANG_WARN_CONSTANT_CONVERSION = YES;
				CLANG_WARN_DEPRECATED_OBJC_IMPLEMENTATIONS = YES;
				CLANG_WARN_DIRECT_OBJC_ISA_USAGE = YES_ERROR;
				CLANG_WARN_DOCUMENTATION_COMMENTS = YES;
				CLANG_WARN_EMPTY_BODY = YES;
				CLANG_WARN_ENUM_CONVERSION = YES;
				CLANG_WARN_INFINITE_RECURSION = YES;
				CLANG_WARN_INT_CONVERSION = YES;
				CLANG_WARN_NON_LITERAL_NULL_CONVERSION = YES;
				CLANG_WARN_OBJC_IMPLICIT_RETAIN_SELF = YES;
				CLANG_WARN_OBJC_LITERAL_CONVERSION = YES;
				CLANG_WARN_OBJC_ROOT_CLASS = YES_ERROR;
				CLANG_WARN_QUOTED_INCLUDE_IN_FRAMEWORK_HEADER = YES;
				CLANG_WARN_RANGE_LOOP_ANALYSIS = YES;
				CLANG_WARN_STRICT_PROTOTYPES = YES;
				CLANG_WARN_SUSPICIOUS_MOVE = YES;
				CLANG_WARN_UNGUARDED_AVAILABILITY = YES_AGGRESSIVE;
				CLANG_WARN_UNREACHABLE_CODE = YES;
				CLANG_WARN__DUPLICATE_METHOD_MATCH = YES;
				COPY_PHASE_STRIP = NO;
				DEBUG_INFORMATION_FORMAT = "dwarf-with-dsym";
				ENABLE_NS_ASSERTIONS = NO;
				ENABLE_STRICT_OBJC_MSGSEND = YES;
				ENABLE_USER_SCRIPT_SANDBOXING = YES;
				GCC_C_LANGUAGE_STANDARD = gnu17;
				GCC_NO_COMMON_BLOCKS = YES;
				GCC_WARN_64_TO_32_BIT_CONVERSION = YES;
				GCC_WARN_ABOUT_RETURN_TYPE = YES_ERROR;
				GCC_WARN_UNDECLARED_SELECTOR = YES;
				GCC_WARN_UNINITIALIZED_AUTOS = YES_AGGRESSIVE;
				GCC_WARN_UNUSED_FUNCTION = YES;
				GCC_WARN_UNUSED_VARIABLE = YES;
				LOCALIZATION_PREFERS_STRING_CATALOGS = YES;
				MACOSX_DEPLOYMENT_TARGET = 14.0;
				MTL_ENABLE_DEBUG_INFO = NO;
				MTL_FAST_MATH = YES;
				SDKROOT = macosx;
				SWIFT_COMPILATION_MODE = wholemodule;
			};
			name = Release;
		};
		A708A6622B0276B700F4BCAF /* Debug */ = {
			isa = XCBuildConfiguration;
			buildSettings = {
				ASSETCATALOG_COMPILER_APPICON_NAME = AppIcon;
				ASSETCATALOG_COMPILER_GLOBAL_ACCENT_COLOR_NAME = AccentColor;
				CODE_SIGN_ENTITLEMENTS = "Game Engine/Other files/Game_Engine.entitlements";
				"CODE_SIGN_IDENTITY[sdk=macosx*]" = "Apple Development";
				CODE_SIGN_STYLE = Automatic;
				COMBINE_HIDPI_IMAGES = YES;
				CURRENT_PROJECT_VERSION = 1;
				DEVELOPMENT_TEAM = 3Y75H9799M;
				ENABLE_HARDENED_RUNTIME = YES;
				GENERATE_INFOPLIST_FILE = YES;
				INFOPLIST_KEY_NSHumanReadableCopyright = "";
				INFOPLIST_KEY_NSMainStoryboardFile = Main;
				INFOPLIST_KEY_NSPrincipalClass = NSApplication;
				LD_RUNPATH_SEARCH_PATHS = (
					"$(inherited)",
					"@executable_path/../Frameworks",
				);
				MARKETING_VERSION = 1.0;
				PRODUCT_BUNDLE_IDENTIFIER = "com.lpdevs.Game-Engine";
				PRODUCT_NAME = "$(TARGET_NAME)";
				SWIFT_EMIT_LOC_STRINGS = YES;
				SWIFT_VERSION = 5.0;
			};
			name = Debug;
		};
		A708A6632B0276B700F4BCAF /* Release */ = {
			isa = XCBuildConfiguration;
			buildSettings = {
				ASSETCATALOG_COMPILER_APPICON_NAME = AppIcon;
				ASSETCATALOG_COMPILER_GLOBAL_ACCENT_COLOR_NAME = AccentColor;
				CODE_SIGN_ENTITLEMENTS = "Game Engine/Other files/Game_Engine.entitlements";
				"CODE_SIGN_IDENTITY[sdk=macosx*]" = "Apple Development";
				CODE_SIGN_STYLE = Automatic;
				COMBINE_HIDPI_IMAGES = YES;
				CURRENT_PROJECT_VERSION = 1;
				DEVELOPMENT_TEAM = 3Y75H9799M;
				ENABLE_HARDENED_RUNTIME = YES;
				GENERATE_INFOPLIST_FILE = YES;
				INFOPLIST_KEY_NSHumanReadableCopyright = "";
				INFOPLIST_KEY_NSMainStoryboardFile = Main;
				INFOPLIST_KEY_NSPrincipalClass = NSApplication;
				LD_RUNPATH_SEARCH_PATHS = (
					"$(inherited)",
					"@executable_path/../Frameworks",
				);
				MARKETING_VERSION = 1.0;
				PRODUCT_BUNDLE_IDENTIFIER = "com.lpdevs.Game-Engine";
				PRODUCT_NAME = "$(TARGET_NAME)";
				SWIFT_EMIT_LOC_STRINGS = YES;
				SWIFT_VERSION = 5.0;
			};
			name = Release;
		};
		A708A6652B0276B700F4BCAF /* Debug */ = {
			isa = XCBuildConfiguration;
			buildSettings = {
				ALWAYS_EMBED_SWIFT_STANDARD_LIBRARIES = YES;
				BUNDLE_LOADER = "$(TEST_HOST)";
				CODE_SIGN_STYLE = Automatic;
				CURRENT_PROJECT_VERSION = 1;
				DEVELOPMENT_TEAM = 3Y75H9799M;
				GENERATE_INFOPLIST_FILE = YES;
				MACOSX_DEPLOYMENT_TARGET = 14.0;
				MARKETING_VERSION = 1.0;
				PRODUCT_BUNDLE_IDENTIFIER = "com.lpdevs.Game-EngineTests";
				PRODUCT_NAME = "$(TARGET_NAME)";
				SWIFT_EMIT_LOC_STRINGS = NO;
				SWIFT_VERSION = 5.0;
				TEST_HOST = "$(BUILT_PRODUCTS_DIR)/Game Engine.app/$(BUNDLE_EXECUTABLE_FOLDER_PATH)/Game Engine";
			};
			name = Debug;
		};
		A708A6662B0276B700F4BCAF /* Release */ = {
			isa = XCBuildConfiguration;
			buildSettings = {
				ALWAYS_EMBED_SWIFT_STANDARD_LIBRARIES = YES;
				BUNDLE_LOADER = "$(TEST_HOST)";
				CODE_SIGN_STYLE = Automatic;
				CURRENT_PROJECT_VERSION = 1;
				DEVELOPMENT_TEAM = 3Y75H9799M;
				GENERATE_INFOPLIST_FILE = YES;
				MACOSX_DEPLOYMENT_TARGET = 14.0;
				MARKETING_VERSION = 1.0;
				PRODUCT_BUNDLE_IDENTIFIER = "com.lpdevs.Game-EngineTests";
				PRODUCT_NAME = "$(TARGET_NAME)";
				SWIFT_EMIT_LOC_STRINGS = NO;
				SWIFT_VERSION = 5.0;
				TEST_HOST = "$(BUILT_PRODUCTS_DIR)/Game Engine.app/$(BUNDLE_EXECUTABLE_FOLDER_PATH)/Game Engine";
			};
			name = Release;
		};
		A708A6682B0276B700F4BCAF /* Debug */ = {
			isa = XCBuildConfiguration;
			buildSettings = {
				ALWAYS_EMBED_SWIFT_STANDARD_LIBRARIES = YES;
				CODE_SIGN_STYLE = Automatic;
				CURRENT_PROJECT_VERSION = 1;
				DEVELOPMENT_TEAM = 3Y75H9799M;
				GENERATE_INFOPLIST_FILE = YES;
				MARKETING_VERSION = 1.0;
				PRODUCT_BUNDLE_IDENTIFIER = "com.lpdevs.Game-EngineUITests";
				PRODUCT_NAME = "$(TARGET_NAME)";
				SWIFT_EMIT_LOC_STRINGS = NO;
				SWIFT_VERSION = 5.0;
				TEST_TARGET_NAME = "Game Engine";
			};
			name = Debug;
		};
		A708A6692B0276B700F4BCAF /* Release */ = {
			isa = XCBuildConfiguration;
			buildSettings = {
				ALWAYS_EMBED_SWIFT_STANDARD_LIBRARIES = YES;
				CODE_SIGN_STYLE = Automatic;
				CURRENT_PROJECT_VERSION = 1;
				DEVELOPMENT_TEAM = 3Y75H9799M;
				GENERATE_INFOPLIST_FILE = YES;
				MARKETING_VERSION = 1.0;
				PRODUCT_BUNDLE_IDENTIFIER = "com.lpdevs.Game-EngineUITests";
				PRODUCT_NAME = "$(TARGET_NAME)";
				SWIFT_EMIT_LOC_STRINGS = NO;
				SWIFT_VERSION = 5.0;
				TEST_TARGET_NAME = "Game Engine";
			};
			name = Release;
		};
/* End XCBuildConfiguration section */

/* Begin XCConfigurationList section */
		A708A6342B0276B500F4BCAF /* Build configuration list for PBXProject "Game Engine" */ = {
			isa = XCConfigurationList;
			buildConfigurations = (
				A708A65F2B0276B700F4BCAF /* Debug */,
				A708A6602B0276B700F4BCAF /* Release */,
			);
			defaultConfigurationIsVisible = 0;
			defaultConfigurationName = Release;
		};
		A708A6612B0276B700F4BCAF /* Build configuration list for PBXNativeTarget "Game Engine" */ = {
			isa = XCConfigurationList;
			buildConfigurations = (
				A708A6622B0276B700F4BCAF /* Debug */,
				A708A6632B0276B700F4BCAF /* Release */,
			);
			defaultConfigurationIsVisible = 0;
			defaultConfigurationName = Release;
		};
		A708A6642B0276B700F4BCAF /* Build configuration list for PBXNativeTarget "Game EngineTests" */ = {
			isa = XCConfigurationList;
			buildConfigurations = (
				A708A6652B0276B700F4BCAF /* Debug */,
				A708A6662B0276B700F4BCAF /* Release */,
			);
			defaultConfigurationIsVisible = 0;
			defaultConfigurationName = Release;
		};
		A708A6672B0276B700F4BCAF /* Build configuration list for PBXNativeTarget "Game EngineUITests" */ = {
			isa = XCConfigurationList;
			buildConfigurations = (
				A708A6682B0276B700F4BCAF /* Debug */,
				A708A6692B0276B700F4BCAF /* Release */,
			);
			defaultConfigurationIsVisible = 0;
			defaultConfigurationName = Release;
		};
/* End XCConfigurationList section */

/* Begin XCVersionGroup section */
		A708A6402B0276B500F4BCAF /* Game_Engine.xcdatamodeld */ = {
			isa = XCVersionGroup;
			children = (
				A708A6412B0276B500F4BCAF /* Game_Engine.xcdatamodel */,
			);
			currentVersion = A708A6412B0276B500F4BCAF /* Game_Engine.xcdatamodel */;
			path = Game_Engine.xcdatamodeld;
			sourceTree = "<group>";
			versionGroupType = wrapper.xcdatamodel;
		};
/* End XCVersionGroup section */
	};
	rootObject = A708A6312B0276B500F4BCAF /* Project object */;
}
